// !$*UTF8*$!
{
	archiveVersion = 1;
	classes = {
	};
	objectVersion = 46;
	objects = {

/* Begin PBXBuildFile section */
		8B6E95531B8E57A30039AE82 /* AppDelegate.swift in Sources */ = {isa = PBXBuildFile; fileRef = 8B6E95521B8E57A30039AE82 /* AppDelegate.swift */; };
		8B6E95581B8E57A30039AE82 /* Main.storyboard in Resources */ = {isa = PBXBuildFile; fileRef = 8B6E95561B8E57A30039AE82 /* Main.storyboard */; };
		8B6E955A1B8E57A30039AE82 /* Images.xcassets in Resources */ = {isa = PBXBuildFile; fileRef = 8B6E95591B8E57A30039AE82 /* Images.xcassets */; };
		8B6E955D1B8E57A30039AE82 /* LaunchScreen.xib in Resources */ = {isa = PBXBuildFile; fileRef = 8B6E955B1B8E57A30039AE82 /* LaunchScreen.xib */; };
		8B6E95691B8E57A30039AE82 /* gram_crackersTests.swift in Sources */ = {isa = PBXBuildFile; fileRef = 8B6E95681B8E57A30039AE82 /* gram_crackersTests.swift */; };
		8B6E95731B8E5E0E0039AE82 /* PhotoTableViewCell.swift in Sources */ = {isa = PBXBuildFile; fileRef = 8B6E95721B8E5E0E0039AE82 /* PhotoTableViewCell.swift */; };
		94449BB1358B77CA7F472D92 /* libPods.a in Frameworks */ = {isa = PBXBuildFile; fileRef = 15DC8DEBF400B97101703064 /* libPods.a */; };
		A92519961B8E5AEB00C8292F /* PhotosViewController.swift in Sources */ = {isa = PBXBuildFile; fileRef = A92519951B8E5AEB00C8292F /* PhotosViewController.swift */; };
		A92519991B8E606D00C8292F /* PhotoDetailsViewController.swift in Sources */ = {isa = PBXBuildFile; fileRef = A92519981B8E606D00C8292F /* PhotoDetailsViewController.swift */; };
/* End PBXBuildFile section */

/* Begin PBXContainerItemProxy section */
		8B6E95631B8E57A30039AE82 /* PBXContainerItemProxy */ = {
			isa = PBXContainerItemProxy;
			containerPortal = 8B6E95451B8E57A30039AE82 /* Project object */;
			proxyType = 1;
			remoteGlobalIDString = 8B6E954C1B8E57A30039AE82;
			remoteInfo = "gram-crackers";
		};
/* End PBXContainerItemProxy section */

/* Begin PBXFileReference section */
		15DC8DEBF400B97101703064 /* libPods.a */ = {isa = PBXFileReference; explicitFileType = archive.ar; includeInIndex = 0; path = libPods.a; sourceTree = BUILT_PRODUCTS_DIR; };
		7F84DB320C362EB2C2EA7A6C /* Pods.debug.xcconfig */ = {isa = PBXFileReference; includeInIndex = 1; lastKnownFileType = text.xcconfig; name = Pods.debug.xcconfig; path = "Pods/Target Support Files/Pods/Pods.debug.xcconfig"; sourceTree = "<group>"; };
		8B6E954D1B8E57A30039AE82 /* gram-crackers.app */ = {isa = PBXFileReference; explicitFileType = wrapper.application; includeInIndex = 0; path = "gram-crackers.app"; sourceTree = BUILT_PRODUCTS_DIR; };
		8B6E95511B8E57A30039AE82 /* Info.plist */ = {isa = PBXFileReference; lastKnownFileType = text.plist.xml; path = Info.plist; sourceTree = "<group>"; };
		8B6E95521B8E57A30039AE82 /* AppDelegate.swift */ = {isa = PBXFileReference; lastKnownFileType = sourcecode.swift; path = AppDelegate.swift; sourceTree = "<group>"; };
		8B6E95571B8E57A30039AE82 /* Base */ = {isa = PBXFileReference; lastKnownFileType = file.storyboard; name = Base; path = Base.lproj/Main.storyboard; sourceTree = "<group>"; };
		8B6E95591B8E57A30039AE82 /* Images.xcassets */ = {isa = PBXFileReference; lastKnownFileType = folder.assetcatalog; path = Images.xcassets; sourceTree = "<group>"; };
		8B6E955C1B8E57A30039AE82 /* Base */ = {isa = PBXFileReference; lastKnownFileType = file.xib; name = Base; path = Base.lproj/LaunchScreen.xib; sourceTree = "<group>"; };
		8B6E95621B8E57A30039AE82 /* gram-crackersTests.xctest */ = {isa = PBXFileReference; explicitFileType = wrapper.cfbundle; includeInIndex = 0; path = "gram-crackersTests.xctest"; sourceTree = BUILT_PRODUCTS_DIR; };
		8B6E95671B8E57A30039AE82 /* Info.plist */ = {isa = PBXFileReference; lastKnownFileType = text.plist.xml; path = Info.plist; sourceTree = "<group>"; };
		8B6E95681B8E57A30039AE82 /* gram_crackersTests.swift */ = {isa = PBXFileReference; lastKnownFileType = sourcecode.swift; path = gram_crackersTests.swift; sourceTree = "<group>"; };
		8B6E95721B8E5E0E0039AE82 /* PhotoTableViewCell.swift */ = {isa = PBXFileReference; fileEncoding = 4; lastKnownFileType = sourcecode.swift; path = PhotoTableViewCell.swift; sourceTree = "<group>"; };
		8B6E95741B8E5FBB0039AE82 /* gram-crackers-Bridging-Header.h */ = {isa = PBXFileReference; lastKnownFileType = sourcecode.c.h; path = "gram-crackers-Bridging-Header.h"; sourceTree = "<group>"; };
		8E28F8E99AE26A9F5C756454 /* Pods.release.xcconfig */ = {isa = PBXFileReference; includeInIndex = 1; lastKnownFileType = text.xcconfig; name = Pods.release.xcconfig; path = "Pods/Target Support Files/Pods/Pods.release.xcconfig"; sourceTree = "<group>"; };
		A92519951B8E5AEB00C8292F /* PhotosViewController.swift */ = {isa = PBXFileReference; fileEncoding = 4; lastKnownFileType = sourcecode.swift; path = PhotosViewController.swift; sourceTree = "<group>"; };
		A92519981B8E606D00C8292F /* PhotoDetailsViewController.swift */ = {isa = PBXFileReference; fileEncoding = 4; lastKnownFileType = sourcecode.swift; path = PhotoDetailsViewController.swift; sourceTree = "<group>"; };
/* End PBXFileReference section */

/* Begin PBXFrameworksBuildPhase section */
		8B6E954A1B8E57A30039AE82 /* Frameworks */ = {
			isa = PBXFrameworksBuildPhase;
			buildActionMask = 2147483647;
			files = (
				94449BB1358B77CA7F472D92 /* libPods.a in Frameworks */,
			);
			runOnlyForDeploymentPostprocessing = 0;
		};
		8B6E955F1B8E57A30039AE82 /* Frameworks */ = {
			isa = PBXFrameworksBuildPhase;
			buildActionMask = 2147483647;
			files = (
			);
			runOnlyForDeploymentPostprocessing = 0;
		};
/* End PBXFrameworksBuildPhase section */

/* Begin PBXGroup section */
		5965B383ADFF1F93484AB301 /* Frameworks */ = {
			isa = PBXGroup;
			children = (
				15DC8DEBF400B97101703064 /* libPods.a */,
			);
			name = Frameworks;
			sourceTree = "<group>";
		};
		5D7BF844C24581A969C05D66 /* Pods */ = {
			isa = PBXGroup;
			children = (
				7F84DB320C362EB2C2EA7A6C /* Pods.debug.xcconfig */,
				8E28F8E99AE26A9F5C756454 /* Pods.release.xcconfig */,
			);
			name = Pods;
			sourceTree = "<group>";
		};
		8B6E95441B8E57A30039AE82 = {
			isa = PBXGroup;
			children = (
				8B6E954F1B8E57A30039AE82 /* gram-crackers */,
				8B6E95651B8E57A30039AE82 /* gram-crackersTests */,
				8B6E954E1B8E57A30039AE82 /* Products */,
				5D7BF844C24581A969C05D66 /* Pods */,
				5965B383ADFF1F93484AB301 /* Frameworks */,
			);
			sourceTree = "<group>";
		};
		8B6E954E1B8E57A30039AE82 /* Products */ = {
			isa = PBXGroup;
			children = (
				8B6E954D1B8E57A30039AE82 /* gram-crackers.app */,
				8B6E95621B8E57A30039AE82 /* gram-crackersTests.xctest */,
			);
			name = Products;
			sourceTree = "<group>";
		};
		8B6E954F1B8E57A30039AE82 /* gram-crackers */ = {
			isa = PBXGroup;
			children = (
				8B6E95521B8E57A30039AE82 /* AppDelegate.swift */,
				8B6E95561B8E57A30039AE82 /* Main.storyboard */,
				8B6E95591B8E57A30039AE82 /* Images.xcassets */,
				8B6E955B1B8E57A30039AE82 /* LaunchScreen.xib */,
				8B6E95501B8E57A30039AE82 /* Supporting Files */,
				A92519971B8E5AF100C8292F /* View Controllers */,
				8B6E95741B8E5FBB0039AE82 /* gram-crackers-Bridging-Header.h */,
			);
			path = "gram-crackers";
			sourceTree = "<group>";
		};
		8B6E95501B8E57A30039AE82 /* Supporting Files */ = {
			isa = PBXGroup;
			children = (
				8B6E95511B8E57A30039AE82 /* Info.plist */,
			);
			name = "Supporting Files";
			sourceTree = "<group>";
		};
		8B6E95651B8E57A30039AE82 /* gram-crackersTests */ = {
			isa = PBXGroup;
			children = (
				8B6E95681B8E57A30039AE82 /* gram_crackersTests.swift */,
				8B6E95661B8E57A30039AE82 /* Supporting Files */,
			);
			path = "gram-crackersTests";
			sourceTree = "<group>";
		};
		8B6E95661B8E57A30039AE82 /* Supporting Files */ = {
			isa = PBXGroup;
			children = (
				8B6E95671B8E57A30039AE82 /* Info.plist */,
			);
			name = "Supporting Files";
			sourceTree = "<group>";
		};
		A92519971B8E5AF100C8292F /* View Controllers */ = {
			isa = PBXGroup;
			children = (
				A92519981B8E606D00C8292F /* PhotoDetailsViewController.swift */,
				8B6E95721B8E5E0E0039AE82 /* PhotoTableViewCell.swift */,
				A92519951B8E5AEB00C8292F /* PhotosViewController.swift */,
			);
			name = "View Controllers";
			sourceTree = "<group>";
		};
/* End PBXGroup section */

/* Begin PBXNativeTarget section */
		8B6E954C1B8E57A30039AE82 /* gram-crackers */ = {
			isa = PBXNativeTarget;
			buildConfigurationList = 8B6E956C1B8E57A30039AE82 /* Build configuration list for PBXNativeTarget "gram-crackers" */;
			buildPhases = (
				718F1D2769D16C5A92E95CA2 /* Check Pods Manifest.lock */,
				8B6E95491B8E57A30039AE82 /* Sources */,
				8B6E954A1B8E57A30039AE82 /* Frameworks */,
				8B6E954B1B8E57A30039AE82 /* Resources */,
				A77297E1B0356A28BD5A1333 /* Copy Pods Resources */,
			);
			buildRules = (
			);
			dependencies = (
			);
			name = "gram-crackers";
			productName = "gram-crackers";
			productReference = 8B6E954D1B8E57A30039AE82 /* gram-crackers.app */;
			productType = "com.apple.product-type.application";
		};
		8B6E95611B8E57A30039AE82 /* gram-crackersTests */ = {
			isa = PBXNativeTarget;
			buildConfigurationList = 8B6E956F1B8E57A30039AE82 /* Build configuration list for PBXNativeTarget "gram-crackersTests" */;
			buildPhases = (
				8B6E955E1B8E57A30039AE82 /* Sources */,
				8B6E955F1B8E57A30039AE82 /* Frameworks */,
				8B6E95601B8E57A30039AE82 /* Resources */,
			);
			buildRules = (
			);
			dependencies = (
				8B6E95641B8E57A30039AE82 /* PBXTargetDependency */,
			);
			name = "gram-crackersTests";
			productName = "gram-crackersTests";
			productReference = 8B6E95621B8E57A30039AE82 /* gram-crackersTests.xctest */;
			productType = "com.apple.product-type.bundle.unit-test";
		};
/* End PBXNativeTarget section */

/* Begin PBXProject section */
		8B6E95451B8E57A30039AE82 /* Project object */ = {
			isa = PBXProject;
			attributes = {
				LastUpgradeCheck = 0640;
				ORGANIZATIONNAME = Tumblr;
				TargetAttributes = {
					8B6E954C1B8E57A30039AE82 = {
						CreatedOnToolsVersion = 6.4;
					};
					8B6E95611B8E57A30039AE82 = {
						CreatedOnToolsVersion = 6.4;
						TestTargetID = 8B6E954C1B8E57A30039AE82;
					};
				};
			};
			buildConfigurationList = 8B6E95481B8E57A30039AE82 /* Build configuration list for PBXProject "gram-crackers" */;
			compatibilityVersion = "Xcode 3.2";
			developmentRegion = English;
			hasScannedForEncodings = 0;
			knownRegions = (
				en,
				Base,
			);
			mainGroup = 8B6E95441B8E57A30039AE82;
			productRefGroup = 8B6E954E1B8E57A30039AE82 /* Products */;
			projectDirPath = "";
			projectRoot = "";
			targets = (
				8B6E954C1B8E57A30039AE82 /* gram-crackers */,
				8B6E95611B8E57A30039AE82 /* gram-crackersTests */,
			);
		};
/* End PBXProject section */

/* Begin PBXResourcesBuildPhase section */
		8B6E954B1B8E57A30039AE82 /* Resources */ = {
			isa = PBXResourcesBuildPhase;
			buildActionMask = 2147483647;
			files = (
				8B6E95581B8E57A30039AE82 /* Main.storyboard in Resources */,
				8B6E955D1B8E57A30039AE82 /* LaunchScreen.xib in Resources */,
				8B6E955A1B8E57A30039AE82 /* Images.xcassets in Resources */,
			);
			runOnlyForDeploymentPostprocessing = 0;
		};
		8B6E95601B8E57A30039AE82 /* Resources */ = {
			isa = PBXResourcesBuildPhase;
			buildActionMask = 2147483647;
			files = (
			);
			runOnlyForDeploymentPostprocessing = 0;
		};
/* End PBXResourcesBuildPhase section */

/* Begin PBXShellScriptBuildPhase section */
		718F1D2769D16C5A92E95CA2 /* Check Pods Manifest.lock */ = {
			isa = PBXShellScriptBuildPhase;
			buildActionMask = 2147483647;
			files = (
			);
			inputPaths = (
			);
			name = "Check Pods Manifest.lock";
			outputPaths = (
			);
			runOnlyForDeploymentPostprocessing = 0;
			shellPath = /bin/sh;
			shellScript = "diff \"${PODS_ROOT}/../Podfile.lock\" \"${PODS_ROOT}/Manifest.lock\" > /dev/null\nif [[ $? != 0 ]] ; then\n    cat << EOM\nerror: The sandbox is not in sync with the Podfile.lock. Run 'pod install' or update your CocoaPods installation.\nEOM\n    exit 1\nfi\n";
			showEnvVarsInLog = 0;
		};
		A77297E1B0356A28BD5A1333 /* Copy Pods Resources */ = {
			isa = PBXShellScriptBuildPhase;
			buildActionMask = 2147483647;
			files = (
			);
			inputPaths = (
			);
			name = "Copy Pods Resources";
			outputPaths = (
			);
			runOnlyForDeploymentPostprocessing = 0;
			shellPath = /bin/sh;
			shellScript = "\"${SRCROOT}/Pods/Target Support Files/Pods/Pods-resources.sh\"\n";
			showEnvVarsInLog = 0;
		};
/* End PBXShellScriptBuildPhase section */

/* Begin PBXSourcesBuildPhase section */
		8B6E95491B8E57A30039AE82 /* Sources */ = {
			isa = PBXSourcesBuildPhase;
			buildActionMask = 2147483647;
			files = (
				A92519991B8E606D00C8292F /* PhotoDetailsViewController.swift in Sources */,
				8B6E95531B8E57A30039AE82 /* AppDelegate.swift in Sources */,
				A92519961B8E5AEB00C8292F /* PhotosViewController.swift in Sources */,
				8B6E95731B8E5E0E0039AE82 /* PhotoTableViewCell.swift in Sources */,
			);
			runOnlyForDeploymentPostprocessing = 0;
		};
		8B6E955E1B8E57A30039AE82 /* Sources */ = {
			isa = PBXSourcesBuildPhase;
			buildActionMask = 2147483647;
			files = (
				8B6E95691B8E57A30039AE82 /* gram_crackersTests.swift in Sources */,
			);
			runOnlyForDeploymentPostprocessing = 0;
		};
/* End PBXSourcesBuildPhase section */

/* Begin PBXTargetDependency section */
		8B6E95641B8E57A30039AE82 /* PBXTargetDependency */ = {
			isa = PBXTargetDependency;
			target = 8B6E954C1B8E57A30039AE82 /* gram-crackers */;
			targetProxy = 8B6E95631B8E57A30039AE82 /* PBXContainerItemProxy */;
		};
/* End PBXTargetDependency section */

/* Begin PBXVariantGroup section */
		8B6E95561B8E57A30039AE82 /* Main.storyboard */ = {
			isa = PBXVariantGroup;
			children = (
				8B6E95571B8E57A30039AE82 /* Base */,
			);
			name = Main.storyboard;
			sourceTree = "<group>";
		};
		8B6E955B1B8E57A30039AE82 /* LaunchScreen.xib */ = {
			isa = PBXVariantGroup;
			children = (
				8B6E955C1B8E57A30039AE82 /* Base */,
			);
			name = LaunchScreen.xib;
			sourceTree = "<group>";
		};
/* End PBXVariantGroup section */

/* Begin XCBuildConfiguration section */
		8B6E956A1B8E57A30039AE82 /* Debug */ = {
			isa = XCBuildConfiguration;
			buildSettings = {
				ALWAYS_SEARCH_USER_PATHS = NO;
				CLANG_CXX_LANGUAGE_STANDARD = "gnu++0x";
				CLANG_CXX_LIBRARY = "libc++";
				CLANG_ENABLE_MODULES = YES;
				CLANG_ENABLE_OBJC_ARC = YES;
				CLANG_WARN_BOOL_CONVERSION = YES;
				CLANG_WARN_CONSTANT_CONVERSION = YES;
				CLANG_WARN_DIRECT_OBJC_ISA_USAGE = YES_ERROR;
				CLANG_WARN_EMPTY_BODY = YES;
				CLANG_WARN_ENUM_CONVERSION = YES;
				CLANG_WARN_INT_CONVERSION = YES;
				CLANG_WARN_OBJC_ROOT_CLASS = YES_ERROR;
				CLANG_WARN_UNREACHABLE_CODE = YES;
				CLANG_WARN__DUPLICATE_METHOD_MATCH = YES;
				"CODE_SIGN_IDENTITY[sdk=iphoneos*]" = "iPhone Developer";
				COPY_PHASE_STRIP = NO;
				DEBUG_INFORMATION_FORMAT = "dwarf-with-dsym";
				ENABLE_STRICT_OBJC_MSGSEND = YES;
				GCC_C_LANGUAGE_STANDARD = gnu99;
				GCC_DYNAMIC_NO_PIC = NO;
				GCC_NO_COMMON_BLOCKS = YES;
				GCC_OPTIMIZATION_LEVEL = 0;
				GCC_PREPROCESSOR_DEFINITIONS = (
					"DEBUG=1",
					"$(inherited)",
				);
				GCC_SYMBOLS_PRIVATE_EXTERN = NO;
				GCC_WARN_64_TO_32_BIT_CONVERSION = YES;
				GCC_WARN_ABOUT_RETURN_TYPE = YES_ERROR;
				GCC_WARN_UNDECLARED_SELECTOR = YES;
				GCC_WARN_UNINITIALIZED_AUTOS = YES_AGGRESSIVE;
				GCC_WARN_UNUSED_FUNCTION = YES;
				GCC_WARN_UNUSED_VARIABLE = YES;
				IPHONEOS_DEPLOYMENT_TARGET = 8.4;
				MTL_ENABLE_DEBUG_INFO = YES;
				ONLY_ACTIVE_ARCH = YES;
				SDKROOT = iphoneos;
				SWIFT_OPTIMIZATION_LEVEL = "-Onone";
			};
			name = Debug;
		};
		8B6E956B1B8E57A30039AE82 /* Release */ = {
			isa = XCBuildConfiguration;
			buildSettings = {
				ALWAYS_SEARCH_USER_PATHS = NO;
				CLANG_CXX_LANGUAGE_STANDARD = "gnu++0x";
				CLANG_CXX_LIBRARY = "libc++";
				CLANG_ENABLE_MODULES = YES;
				CLANG_ENABLE_OBJC_ARC = YES;
				CLANG_WARN_BOOL_CONVERSION = YES;
				CLANG_WARN_CONSTANT_CONVERSION = YES;
				CLANG_WARN_DIRECT_OBJC_ISA_USAGE = YES_ERROR;
				CLANG_WARN_EMPTY_BODY = YES;
				CLANG_WARN_ENUM_CONVERSION = YES;
				CLANG_WARN_INT_CONVERSION = YES;
				CLANG_WARN_OBJC_ROOT_CLASS = YES_ERROR;
				CLANG_WARN_UNREACHABLE_CODE = YES;
				CLANG_WARN__DUPLICATE_METHOD_MATCH = YES;
				"CODE_SIGN_IDENTITY[sdk=iphoneos*]" = "iPhone Developer";
				COPY_PHASE_STRIP = NO;
				DEBUG_INFORMATION_FORMAT = "dwarf-with-dsym";
				ENABLE_NS_ASSERTIONS = NO;
				ENABLE_STRICT_OBJC_MSGSEND = YES;
				GCC_C_LANGUAGE_STANDARD = gnu99;
				GCC_NO_COMMON_BLOCKS = YES;
				GCC_WARN_64_TO_32_BIT_CONVERSION = YES;
				GCC_WARN_ABOUT_RETURN_TYPE = YES_ERROR;
				GCC_WARN_UNDECLARED_SELECTOR = YES;
				GCC_WARN_UNINITIALIZED_AUTOS = YES_AGGRESSIVE;
				GCC_WARN_UNUSED_FUNCTION = YES;
				GCC_WARN_UNUSED_VARIABLE = YES;
				IPHONEOS_DEPLOYMENT_TARGET = 8.4;
				MTL_ENABLE_DEBUG_INFO = NO;
				SDKROOT = iphoneos;
				VALIDATE_PRODUCT = YES;
			};
			name = Release;
		};
		8B6E956D1B8E57A30039AE82 /* Debug */ = {
			isa = XCBuildConfiguration;
			baseConfigurationReference = 7F84DB320C362EB2C2EA7A6C /* Pods.debug.xcconfig */;
			buildSettings = {
				ASSETCATALOG_COMPILER_APPICON_NAME = AppIcon;
				CLANG_ENABLE_MODULES = YES;
				INFOPLIST_FILE = "gram-crackers/Info.plist";
				IPHONEOS_DEPLOYMENT_TARGET = 8.4;
				LD_RUNPATH_SEARCH_PATHS = "$(inherited) @executable_path/Frameworks";
				PRODUCT_NAME = "$(TARGET_NAME)";
				SWIFT_OBJC_BRIDGING_HEADER = "gram-crackers/gram-crackers-Bridging-Header.h";
				SWIFT_OPTIMIZATION_LEVEL = "-Onone";
			};
			name = Debug;
		};
		8B6E956E1B8E57A30039AE82 /* Release */ = {
			isa = XCBuildConfiguration;
			baseConfigurationReference = 8E28F8E99AE26A9F5C756454 /* Pods.release.xcconfig */;
			buildSettings = {
				ASSETCATALOG_COMPILER_APPICON_NAME = AppIcon;
				CLANG_ENABLE_MODULES = YES;
				INFOPLIST_FILE = "gram-crackers/Info.plist";
				IPHONEOS_DEPLOYMENT_TARGET = 8.4;
				LD_RUNPATH_SEARCH_PATHS = "$(inherited) @executable_path/Frameworks";
				PRODUCT_NAME = "$(TARGET_NAME)";
				SWIFT_OBJC_BRIDGING_HEADER = "gram-crackers/gram-crackers-Bridging-Header.h";
			};
			name = Release;
		};
		8B6E95701B8E57A30039AE82 /* Debug */ = {
			isa = XCBuildConfiguration;
			buildSettings = {
				BUNDLE_LOADER = "$(TEST_HOST)";
				FRAMEWORK_SEARCH_PATHS = (
					"$(SDKROOT)/Developer/Library/Frameworks",
					"$(inherited)",
				);
				GCC_PREPROCESSOR_DEFINITIONS = (
					"DEBUG=1",
					"$(inherited)",
				);
				INFOPLIST_FILE = "gram-crackersTests/Info.plist";
				LD_RUNPATH_SEARCH_PATHS = "$(inherited) @executable_path/Frameworks @loader_path/Frameworks";
				PRODUCT_NAME = "$(TARGET_NAME)";
				TEST_HOST = "$(BUILT_PRODUCTS_DIR)/gram-crackers.app/gram-crackers";
			};
			name = Debug;
		};
		8B6E95711B8E57A30039AE82 /* Release */ = {
			isa = XCBuildConfiguration;
			buildSettings = {
				BUNDLE_LOADER = "$(TEST_HOST)";
				FRAMEWORK_SEARCH_PATHS = (
					"$(SDKROOT)/Developer/Library/Frameworks",
					"$(inherited)",
				);
				INFOPLIST_FILE = "gram-crackersTests/Info.plist";
				LD_RUNPATH_SEARCH_PATHS = "$(inherited) @executable_path/Frameworks @loader_path/Frameworks";
				PRODUCT_NAME = "$(TARGET_NAME)";
				TEST_HOST = "$(BUILT_PRODUCTS_DIR)/gram-crackers.app/gram-crackers";
			};
			name = Release;
		};
/* End XCBuildConfiguration section */

/* Begin XCConfigurationList section */
		8B6E95481B8E57A30039AE82 /* Build configuration list for PBXProject "gram-crackers" */ = {
			isa = XCConfigurationList;
			buildConfigurations = (
				8B6E956A1B8E57A30039AE82 /* Debug */,
				8B6E956B1B8E57A30039AE82 /* Release */,
			);
			defaultConfigurationIsVisible = 0;
			defaultConfigurationName = Release;
		};
		8B6E956C1B8E57A30039AE82 /* Build configuration list for PBXNativeTarget "gram-crackers" */ = {
			isa = XCConfigurationList;
			buildConfigurations = (
				8B6E956D1B8E57A30039AE82 /* Debug */,
				8B6E956E1B8E57A30039AE82 /* Release */,
			);
			defaultConfigurationIsVisible = 0;
			defaultConfigurationName = Release;
		};
		8B6E956F1B8E57A30039AE82 /* Build configuration list for PBXNativeTarget "gram-crackersTests" */ = {
			isa = XCConfigurationList;
			buildConfigurations = (
				8B6E95701B8E57A30039AE82 /* Debug */,
				8B6E95711B8E57A30039AE82 /* Release */,
			);
			defaultConfigurationIsVisible = 0;
			defaultConfigurationName = Release;
		};
/* End XCConfigurationList section */
	};
	rootObject = 8B6E95451B8E57A30039AE82 /* Project object */;
}
